#
# This file is autogenerated by pip-compile with Python 3.14
# by the following command:
#
#    pip-compile --extra=dev --extra=llm --output-file=requirements.lock --strip-extras pyproject.toml
#
absl-py==2.5.0
    # via tensorboard
anyio==4.14.2
    # via httpx
ast-serialize==0.8.0
    # via mypy
build==1.5.0
    # via
    #   autofill-audit (pyproject.toml)
    #   pip-tools
certifi==2026.7.22
    # via
    #   httpcore
    #   httpx
cfgv==3.5.0
    # via pre-commit
click==8.4.2
    # via
    #   autofill-audit (pyproject.toml)
    #   pip-tools
contourpy==1.3.3
    # via matplotlib
coverage==7.15.4
    # via pytest-cov
cycler==0.12.1
    # via matplotlib
distlib==0.4.3
    # via virtualenv
faker==40.37.0
    # via autofill-audit (pyproject.toml)
filelock==3.32.4
    # via
    #   python-discovery
    #   virtualenv
flatbuffers==25.12.19
    # via onnxruntime
fonttools==4.63.0
    # via matplotlib
greenlet==3.5.5
    # via playwright
grpcio==1.83.0
    # via tensorboard
h11==0.16.0
    # via httpcore
httpcore==1.0.9
    # via httpx
httpx==0.28.1
    # via autofill-audit (pyproject.toml)
hypothesis==6.165.10
    # via autofill-audit (pyproject.toml)
identify==2.6.19
    # via pre-commit
idna==3.19
    # via
    #   anyio
    #   httpx
iniconfig==2.3.0
    # via pytest
jinja2==3.1.6
    # via
    #   autofill-audit (pyproject.toml)
    #   ml-experiment-triage
joblib==1.5.3
    # via scikit-learn
kiwisolver==1.5.0
    # via matplotlib
librt==0.15.0
    # via mypy
markdown==3.10.3
    # via tensorboard
markdown-it-py==4.2.0
    # via rich
markupsafe==3.0.3
    # via
    #   jinja2
    #   werkzeug
matplotlib==3.11.1
    # via autofill-audit (pyproject.toml)
mdurl==0.1.2
    # via markdown-it-py
ml-dtypes==0.6.0
    # via onnx
ml-experiment-triage @ git+https://github.com/Olajide-Badejo/ML-Experiment-Triage@v1.0.0
    # via autofill-audit (pyproject.toml)
mypy==2.3.1
    # via autofill-audit (pyproject.toml)
mypy-extensions==1.1.0
    # via mypy
narwhals==2.25.0
    # via
    #   plotly
    #   scikit-learn
nodeenv==1.10.0
    # via pre-commit
numpy==2.5.2
    # via
    #   autofill-audit (pyproject.toml)
    #   contourpy
    #   matplotlib
    #   ml-dtypes
    #   ml-experiment-triage
    #   onnx
    #   onnxruntime
    #   pandas
    #   scikit-learn
    #   scipy
    #   tensorboard
onnx==1.22.0
    # via skl2onnx
onnxruntime==1.29.0
    # via autofill-audit (pyproject.toml)
packaging==26.3
    # via
    #   build
    #   matplotlib
    #   onnxruntime
    #   plotly
    #   pytest
    #   tensorboard
    #   wheel
pandas==3.0.5
    # via ml-experiment-triage
pathspec==1.1.1
    # via mypy
pillow==12.3.0
    # via
    #   matplotlib
    #   tensorboard
pip-tools==7.6.1
    # via autofill-audit (pyproject.toml)
platformdirs==4.11.4
    # via virtualenv
playwright==1.62.0
    # via autofill-audit (pyproject.toml)
plotly==7.0.0
    # via ml-experiment-triage
pluggy==1.6.0
    # via
    #   pytest
    #   pytest-cov
pre-commit==4.6.2
    # via autofill-audit (pyproject.toml)
protobuf==7.36.0
    # via
    #   onnx
    #   onnxruntime
    #   tensorboard
pyee==13.0.1
    # via playwright
pygments==2.21.0
    # via
    #   pytest
    #   rich
pyparsing==3.3.2
    # via matplotlib
pyproject-hooks==1.2.0
    # via
    #   build
    #   pip-tools
pytest==9.1.1
    # via
    #   autofill-audit (pyproject.toml)
    #   pytest-cov
pytest-cov==7.1.0
    # via autofill-audit (pyproject.toml)
python-dateutil==2.9.0.post0
    # via
    #   matplotlib
    #   pandas
python-discovery==1.5.3
    # via virtualenv
pyyaml==6.0.3
    # via pre-commit
rich==15.0.0
    # via autofill-audit (pyproject.toml)
ruff==0.16.4
    # via autofill-audit (pyproject.toml)
scikit-learn==1.9.0
    # via
    #   autofill-audit (pyproject.toml)
    #   skl2onnx
scipy==1.18.1
    # via
    #   autofill-audit (pyproject.toml)
    #   ml-experiment-triage
    #   scikit-learn
six==1.17.0
    # via python-dateutil
skl2onnx==1.20.0
    # via autofill-audit (pyproject.toml)
sortedcontainers==2.4.0
    # via hypothesis
tensorboard==2.21.0
    # via ml-experiment-triage
tensorboard-data-server==0.7.2
    # via tensorboard
threadpoolctl==3.6.0
    # via scikit-learn
tqdm==4.70.0
    # via ml-experiment-triage
typing-extensions==4.16.0
    # via
    #   grpcio
    #   mypy
    #   onnx
    #   pyee
virtualenv==21.7.4
    # via pre-commit
werkzeug==3.1.8
    # via tensorboard
wheel==0.48.0
    # via pip-tools

# The following packages are considered to be unsafe in a requirements file:
# pip
# setuptools
